
Microsoft Visual Studio Solution File, Format Version 11.00
# Visual Studio 2010
Project("{FAE04EC0-301F-11D3-BF4B-00C04F79EFBC}") = "Assembly-CSharp", "Assembly-CSharp.csproj", "{59a6eb17-80f3-c581-7c41-edb1ad7b021f}"
EndProject
Project("{FAE04EC0-301F-11D3-BF4B-00C04F79EFBC}") = "Assembly-CSharp-Editor", "Assembly-CSharp-Editor.csproj", "{0aaaca69-0517-52c0-f8d8-25b9b514dd2e}"
EndProject
Global
	GlobalSection(SolutionConfigurationPlatforms) = preSolution
		Debug|Any CPU = Debug|Any CPU
	EndGlobalSection
	GlobalSection(ProjectConfigurationPlatforms) = postSolution
		{59a6eb17-80f3-c581-7c41-edb1ad7b021f}.Debug|Any CPU.ActiveCfg = Debug|Any CPU
		{59a6eb17-80f3-c581-7c41-edb1ad7b021f}.Debug|Any CPU.Build.0 = Debug|Any CPU
		{0aaaca69-0517-52c0-f8d8-25b9b514dd2e}.Debug|Any CPU.ActiveCfg = Debug|Any CPU
		{0aaaca69-0517-52c0-f8d8-25b9b514dd2e}.Debug|Any CPU.Build.0 = Debug|Any CPU
	EndGlobalSection
	GlobalSection(SolutionProperties) = preSolution
		HideSolutionNode = FALSE
	EndGlobalSection
EndGlobal
